// !$*UTF8*$!
{
	archiveVersion = 1;
	classes = {
	};
	objectVersion = 50;
	objects = {

/* Begin PBXBuildFile section */
		E2D8E47E259A2DE600FF1B4C /* AppDelegate.swift in Sources */ = {isa = PBXBuildFile; fileRef = E2D8E47D259A2DE600FF1B4C /* AppDelegate.swift */; };
		E2D8E480259A2DE600FF1B4C /* SceneDelegate.swift in Sources */ = {isa = PBXBuildFile; fileRef = E2D8E47F259A2DE600FF1B4C /* SceneDelegate.swift */; };
		E2D8E482259A2DE600FF1B4C /* ViewController.swift in Sources */ = {isa = PBXBuildFile; fileRef = E2D8E481259A2DE600FF1B4C /* ViewController.swift */; };
		E2D8E485259A2DE600FF1B4C /* Main.storyboard in Resources */ = {isa = PBXBuildFile; fileRef = E2D8E483259A2DE600FF1B4C /* Main.storyboard */; };
		E2D8E487259A2DE900FF1B4C /* Assets.xcassets in Resources */ = {isa = PBXBuildFile; fileRef = E2D8E486259A2DE900FF1B4C /* Assets.xcassets */; };
		E2D8E48A259A2DE900FF1B4C /* LaunchScreen.storyboard in Resources */ = {isa = PBXBuildFile; fileRef = E2D8E488259A2DE900FF1B4C /* LaunchScreen.storyboard */; };
		E2D8E495259A2DEA00FF1B4C /* calculatorTests.swift in Sources */ = {isa = PBXBuildFile; fileRef = E2D8E494259A2DEA00FF1B4C /* calculatorTests.swift */; };
		E2D8E4A0259A2DEA00FF1B4C /* calculatorUITests.swift in Sources */ = {isa = PBXBuildFile; fileRef = E2D8E49F259A2DEA00FF1B4C /* calculatorUITests.swift */; };
/* End PBXBuildFile section */

/* Begin PBXContainerItemProxy section */
		E2D8E491259A2DEA00FF1B4C /* PBXContainerItemProxy */ = {
			isa = PBXContainerItemProxy;
			containerPortal = E2D8E472259A2DE600FF1B4C /* Project object */;
			proxyType = 1;
			remoteGlobalIDString = E2D8E479259A2DE600FF1B4C;
			remoteInfo = calculator;
		};
		E2D8E49C259A2DEA00FF1B4C /* PBXContainerItemProxy */ = {
			isa = PBXContainerItemProxy;
			containerPortal = E2D8E472259A2DE600FF1B4C /* Project object */;
			proxyType = 1;
			remoteGlobalIDString = E2D8E479259A2DE600FF1B4C;
			remoteInfo = calculator;
		};
/* End PBXContainerItemProxy section */

/* Begin PBXFileReference section */
		E2D8E47A259A2DE600FF1B4C /* calculator.app */ = {isa = PBXFileReference; explicitFileType = wrapper.application; includeInIndex = 0; path = calculator.app; sourceTree = BUILT_PRODUCTS_DIR; };
		E2D8E47D259A2DE600FF1B4C /* AppDelegate.swift */ = {isa = PBXFileReference; lastKnownFileType = sourcecode.swift; path = AppDelegate.swift; sourceTree = "<group>"; };
		E2D8E47F259A2DE600FF1B4C /* SceneDelegate.swift */ = {isa = PBXFileReference; lastKnownFileType = sourcecode.swift; path = SceneDelegate.swift; sourceTree = "<group>"; };
		E2D8E481259A2DE600FF1B4C /* ViewController.swift */ = {isa = PBXFileReference; lastKnownFileType = sourcecode.swift; path = ViewController.swift; sourceTree = "<group>"; };
		E2D8E484259A2DE600FF1B4C /* Base */ = {isa = PBXFileReference; lastKnownFileType = file.storyboard; name = Base; path = Base.lproj/Main.storyboard; sourceTree = "<group>"; };
		E2D8E486259A2DE900FF1B4C /* Assets.xcassets */ = {isa = PBXFileReference; lastKnownFileType = folder.assetcatalog; path = Assets.xcassets; sourceTree = "<group>"; };
		E2D8E489259A2DE900FF1B4C /* Base */ = {isa = PBXFileReference; lastKnownFileType = file.storyboard; name = Base; path = Base.lproj/LaunchScreen.storyboard; sourceTree = "<group>"; };
		E2D8E48B259A2DE900FF1B4C /* Info.plist */ = {isa = PBXFileReference; lastKnownFileType = text.plist.xml; path = Info.plist; sourceTree = "<group>"; };
		E2D8E490259A2DEA00FF1B4C /* calculatorTests.xctest */ = {isa = PBXFileReference; explicitFileType = wrapper.cfbundle; includeInIndex = 0; path = calculatorTests.xctest; sourceTree = BUILT_PRODUCTS_DIR; };
		E2D8E494259A2DEA00FF1B4C /* calculatorTests.swift */ = {isa = PBXFileReference; lastKnownFileType = sourcecode.swift; path = calculatorTests.swift; sourceTree = "<group>"; };
		E2D8E496259A2DEA00FF1B4C /* Info.plist */ = {isa = PBXFileReference; lastKnownFileType = text.plist.xml; path = Info.plist; sourceTree = "<group>"; };
		E2D8E49B259A2DEA00FF1B4C /* calculatorUITests.xctest */ = {isa = PBXFileReference; explicitFileType = wrapper.cfbundle; includeInIndex = 0; path = calculatorUITests.xctest; sourceTree = BUILT_PRODUCTS_DIR; };
		E2D8E49F259A2DEA00FF1B4C /* calculatorUITests.swift */ = {isa = PBXFileReference; lastKnownFileType = sourcecode.swift; path = calculatorUITests.swift; sourceTree = "<group>"; };
		E2D8E4A1259A2DEA00FF1B4C /* Info.plist */ = {isa = PBXFileReference; lastKnownFileType = text.plist.xml; path = Info.plist; sourceTree = "<group>"; };
/* End PBXFileReference section */

/* Begin PBXFrameworksBuildPhase section */
		E2D8E477259A2DE600FF1B4C /* Frameworks */ = {
			isa = PBXFrameworksBuildPhase;
			buildActionMask = 2147483647;
			files = (
			);
			runOnlyForDeploymentPostprocessing = 0;
		};
		E2D8E48D259A2DEA00FF1B4C /* Frameworks */ = {
			isa = PBXFrameworksBuildPhase;
			buildActionMask = 2147483647;
			files = (
			);
			runOnlyForDeploymentPostprocessing = 0;
		};
		E2D8E498259A2DEA00FF1B4C /* Frameworks */ = {
			isa = PBXFrameworksBuildPhase;
			buildActionMask = 2147483647;
			files = (
			);
			runOnlyForDeploymentPostprocessing = 0;
		};
/* End PBXFrameworksBuildPhase section */

/* Begin PBXGroup section */
		E2D8E471259A2DE600FF1B4C = {
			isa = PBXGroup;
			children = (
				E2D8E47C259A2DE600FF1B4C /* calculator */,
				E2D8E493259A2DEA00FF1B4C /* calculatorTests */,
				E2D8E49E259A2DEA00FF1B4C /* calculatorUITests */,
				E2D8E47B259A2DE600FF1B4C /* Products */,
			);
			sourceTree = "<group>";
		};
		E2D8E47B259A2DE600FF1B4C /* Products */ = {
			isa = PBXGroup;
			children = (
				E2D8E47A259A2DE600FF1B4C /* calculator.app */,
				E2D8E490259A2DEA00FF1B4C /* calculatorTests.xctest */,
				E2D8E49B259A2DEA00FF1B4C /* calculatorUITests.xctest */,
			);
			name = Products;
			sourceTree = "<group>";
		};
		E2D8E47C259A2DE600FF1B4C /* calculator */ = {
			isa = PBXGroup;
			children = (
				E2D8E47D259A2DE600FF1B4C /* AppDelegate.swift */,
				E2D8E47F259A2DE600FF1B4C /* SceneDelegate.swift */,
				E2D8E481259A2DE600FF1B4C /* ViewController.swift */,
				E2D8E483259A2DE600FF1B4C /* Main.storyboard */,
				E2D8E486259A2DE900FF1B4C /* Assets.xcassets */,
				E2D8E488259A2DE900FF1B4C /* LaunchScreen.storyboard */,
				E2D8E48B259A2DE900FF1B4C /* Info.plist */,
			);
			path = calculator;
			sourceTree = "<group>";
		};
		E2D8E493259A2DEA00FF1B4C /* calculatorTests */ = {
			isa = PBXGroup;
			children = (
				E2D8E494259A2DEA00FF1B4C /* calculatorTests.swift */,
				E2D8E496259A2DEA00FF1B4C /* Info.plist */,
			);
			path = calculatorTests;
			sourceTree = "<group>";
		};
		E2D8E49E259A2DEA00FF1B4C /* calculatorUITests */ = {
			isa = PBXGroup;
			children = (
				E2D8E49F259A2DEA00FF1B4C /* calculatorUITests.swift */,
				E2D8E4A1259A2DEA00FF1B4C /* Info.plist */,
			);
			path = calculatorUITests;
			sourceTree = "<group>";
		};
/* End PBXGroup section */

/* Begin PBXNativeTarget section */
		E2D8E479259A2DE600FF1B4C /* calculator */ = {
			isa = PBXNativeTarget;
			buildConfigurationList = E2D8E4A4259A2DEA00FF1B4C /* Build configuration list for PBXNativeTarget "calculator" */;
			buildPhases = (
				E2D8E476259A2DE600FF1B4C /* Sources */,
				E2D8E477259A2DE600FF1B4C /* Frameworks */,
				E2D8E478259A2DE600FF1B4C /* Resources */,
			);
			buildRules = (
			);
			dependencies = (
			);
			name = calculator;
			productName = calculator;
			productReference = E2D8E47A259A2DE600FF1B4C /* calculator.app */;
			productType = "com.apple.product-type.application";
		};
		E2D8E48F259A2DEA00FF1B4C /* calculatorTests */ = {
			isa = PBXNativeTarget;
			buildConfigurationList = E2D8E4A7259A2DEA00FF1B4C /* Build configuration list for PBXNativeTarget "calculatorTests" */;
			buildPhases = (
				E2D8E48C259A2DEA00FF1B4C /* Sources */,
				E2D8E48D259A2DEA00FF1B4C /* Frameworks */,
				E2D8E48E259A2DEA00FF1B4C /* Resources */,
			);
			buildRules = (
			);
			dependencies = (
				E2D8E492259A2DEA00FF1B4C /* PBXTargetDependency */,
			);
			name = calculatorTests;
			productName = calculatorTests;
			productReference = E2D8E490259A2DEA00FF1B4C /* calculatorTests.xctest */;
			productType = "com.apple.product-type.bundle.unit-test";
		};
		E2D8E49A259A2DEA00FF1B4C /* calculatorUITests */ = {
			isa = PBXNativeTarget;
			buildConfigurationList = E2D8E4AA259A2DEA00FF1B4C /* Build configuration list for PBXNativeTarget "calculatorUITests" */;
			buildPhases = (
				E2D8E497259A2DEA00FF1B4C /* Sources */,
				E2D8E498259A2DEA00FF1B4C /* Frameworks */,
				E2D8E499259A2DEA00FF1B4C /* Resources */,
			);
			buildRules = (
			);
			dependencies = (
				E2D8E49D259A2DEA00FF1B4C /* PBXTargetDependency */,
			);
			name = calculatorUITests;
			productName = calculatorUITests;
			productReference = E2D8E49B259A2DEA00FF1B4C /* calculatorUITests.xctest */;
			productType = "com.apple.product-type.bundle.ui-testing";
		};
/* End PBXNativeTarget section */

/* Begin PBXProject section */
		E2D8E472259A2DE600FF1B4C /* Project object */ = {
			isa = PBXProject;
			attributes = {
				LastSwiftUpdateCheck = 1230;
				LastUpgradeCheck = 1230;
				TargetAttributes = {
					E2D8E479259A2DE600FF1B4C = {
						CreatedOnToolsVersion = 12.3;
					};
					E2D8E48F259A2DEA00FF1B4C = {
						CreatedOnToolsVersion = 12.3;
						TestTargetID = E2D8E479259A2DE600FF1B4C;
					};
					E2D8E49A259A2DEA00FF1B4C = {
						CreatedOnToolsVersion = 12.3;
						TestTargetID = E2D8E479259A2DE600FF1B4C;
					};
				};
			};
			buildConfigurationList = E2D8E475259A2DE600FF1B4C /* Build configuration list for PBXProject "calculator" */;
			compatibilityVersion = "Xcode 9.3";
			developmentRegion = en;
			hasScannedForEncodings = 0;
			knownRegions = (
				en,
				Base,
			);
			mainGroup = E2D8E471259A2DE600FF1B4C;
			productRefGroup = E2D8E47B259A2DE600FF1B4C /* Products */;
			projectDirPath = "";
			projectRoot = "";
			targets = (
				E2D8E479259A2DE600FF1B4C /* calculator */,
				E2D8E48F259A2DEA00FF1B4C /* calculatorTests */,
				E2D8E49A259A2DEA00FF1B4C /* calculatorUITests */,
			);
		};
/* End PBXProject section */

/* Begin PBXResourcesBuildPhase section */
		E2D8E478259A2DE600FF1B4C /* Resources */ = {
			isa = PBXResourcesBuildPhase;
			buildActionMask = 2147483647;
			files = (
				E2D8E48A259A2DE900FF1B4C /* LaunchScreen.storyboard in Resources */,
				E2D8E487259A2DE900FF1B4C /* Assets.xcassets in Resources */,
				E2D8E485259A2DE600FF1B4C /* Main.storyboard in Resources */,
			);
			runOnlyForDeploymentPostprocessing = 0;
		};
		E2D8E48E259A2DEA00FF1B4C /* Resources */ = {
			isa = PBXResourcesBuildPhase;
			buildActionMask = 2147483647;
			files = (
			);
			runOnlyForDeploymentPostprocessing = 0;
		};
		E2D8E499259A2DEA00FF1B4C /* Resources */ = {
			isa = PBXResourcesBuildPhase;
			buildActionMask = 2147483647;
			files = (
			);
			runOnlyForDeploymentPostprocessing = 0;
		};
/* End PBXResourcesBuildPhase section */

/* Begin PBXSourcesBuildPhase section */
		E2D8E476259A2DE600FF1B4C /* Sources */ = {
			isa = PBXSourcesBuildPhase;
			buildActionMask = 2147483647;
			files = (
				E2D8E482259A2DE600FF1B4C /* ViewController.swift in Sources */,
				E2D8E47E259A2DE600FF1B4C /* AppDelegate.swift in Sources */,
				E2D8E480259A2DE600FF1B4C /* SceneDelegate.swift in Sources */,
			);
			runOnlyForDeploymentPostprocessing = 0;
		};
		E2D8E48C259A2DEA00FF1B4C /* Sources */ = {
			isa = PBXSourcesBuildPhase;
			buildActionMask = 2147483647;
			files = (
				E2D8E495259A2DEA00FF1B4C /* calculatorTests.swift in Sources */,
			);
			runOnlyForDeploymentPostprocessing = 0;
		};
		E2D8E497259A2DEA00FF1B4C /* Sources */ = {
			isa = PBXSourcesBuildPhase;
			buildActionMask = 2147483647;
			files = (
				E2D8E4A0259A2DEA00FF1B4C /* calculatorUITests.swift in Sources */,
			);
			runOnlyForDeploymentPostprocessing = 0;
		};
/* End PBXSourcesBuildPhase section */

/* Begin PBXTargetDependency section */
		E2D8E492259A2DEA00FF1B4C /* PBXTargetDependency */ = {
			isa = PBXTargetDependency;
			target = E2D8E479259A2DE600FF1B4C /* calculator */;
			targetProxy = E2D8E491259A2DEA00FF1B4C /* PBXContainerItemProxy */;
		};
		E2D8E49D259A2DEA00FF1B4C /* PBXTargetDependency */ = {
			isa = PBXTargetDependency;
			target = E2D8E479259A2DE600FF1B4C /* calculator */;
			targetProxy = E2D8E49C259A2DEA00FF1B4C /* PBXContainerItemProxy */;
		};
/* End PBXTargetDependency section */

/* Begin PBXVariantGroup section */
		E2D8E483259A2DE600FF1B4C /* Main.storyboard */ = {
			isa = PBXVariantGroup;
			children = (
				E2D8E484259A2DE600FF1B4C /* Base */,
			);
			name = Main.storyboard;
			sourceTree = "<group>";
		};
		E2D8E488259A2DE900FF1B4C /* LaunchScreen.storyboard */ = {
			isa = PBXVariantGroup;
			children = (
				E2D8E489259A2DE900FF1B4C /* Base */,
			);
			name = LaunchScreen.storyboard;
			sourceTree = "<group>";
		};
/* End PBXVariantGroup section */

/* Begin XCBuildConfiguration section */
		E2D8E4A2259A2DEA00FF1B4C /* Debug */ = {
			isa = XCBuildConfiguration;
			buildSettings = {
				ALWAYS_SEARCH_USER_PATHS = NO;
				CLANG_ANALYZER_NONNULL = YES;
				CLANG_ANALYZER_NUMBER_OBJECT_CONVERSION = YES_AGGRESSIVE;
				CLANG_CXX_LANGUAGE_STANDARD = "gnu++14";
				CLANG_CXX_LIBRARY = "libc++";
				CLANG_ENABLE_MODULES = YES;
				CLANG_ENABLE_OBJC_ARC = YES;
				CLANG_ENABLE_OBJC_WEAK = YES;
				CLANG_WARN_BLOCK_CAPTURE_AUTORELEASING = YES;
				CLANG_WARN_BOOL_CONVERSION = YES;
				CLANG_WARN_COMMA = YES;
				CLANG_WARN_CONSTANT_CONVERSION = YES;
				CLANG_WARN_DEPRECATED_OBJC_IMPLEMENTATIONS = YES;
				CLANG_WARN_DIRECT_OBJC_ISA_USAGE = YES_ERROR;
				CLANG_WARN_DOCUMENTATION_COMMENTS = YES;
				CLANG_WARN_EMPTY_BODY = YES;
				CLANG_WARN_ENUM_CONVERSION = YES;
				CLANG_WARN_INFINITE_RECURSION = YES;
				CLANG_WARN_INT_CONVERSION = YES;
				CLANG_WARN_NON_LITERAL_NULL_CONVERSION = YES;
				CLANG_WARN_OBJC_IMPLICIT_RETAIN_SELF = YES;
				CLANG_WARN_OBJC_LITERAL_CONVERSION = YES;
				CLANG_WARN_OBJC_ROOT_CLASS = YES_ERROR;
				CLANG_WARN_QUOTED_INCLUDE_IN_FRAMEWORK_HEADER = YES;
				CLANG_WARN_RANGE_LOOP_ANALYSIS = YES;
				CLANG_WARN_STRICT_PROTOTYPES = YES;
				CLANG_WARN_SUSPICIOUS_MOVE = YES;
				CLANG_WARN_UNGUARDED_AVAILABILITY = YES_AGGRESSIVE;
				CLANG_WARN_UNREACHABLE_CODE = YES;
				CLANG_WARN__DUPLICATE_METHOD_MATCH = YES;
				COPY_PHASE_STRIP = NO;
				DEBUG_INFORMATION_FORMAT = dwarf;
				ENABLE_STRICT_OBJC_MSGSEND = YES;
				ENABLE_TESTABILITY = YES;
				GCC_C_LANGUAGE_STANDARD = gnu11;
				GCC_DYNAMIC_NO_PIC = NO;
				GCC_NO_COMMON_BLOCKS = YES;
				GCC_OPTIMIZATION_LEVEL = 0;
				GCC_PREPROCESSOR_DEFINITIONS = (
					"DEBUG=1",
					"$(inherited)",
				);
				GCC_WARN_64_TO_32_BIT_CONVERSION = YES;
				GCC_WARN_ABOUT_RETURN_TYPE = YES_ERROR;
				GCC_WARN_UNDECLARED_SELECTOR = YES;
				GCC_WARN_UNINITIALIZED_AUTOS = YES_AGGRESSIVE;
				GCC_WARN_UNUSED_FUNCTION = YES;
				GCC_WARN_UNUSED_VARIABLE = YES;
				IPHONEOS_DEPLOYMENT_TARGET = 14.3;
				MTL_ENABLE_DEBUG_INFO = INCLUDE_SOURCE;
				MTL_FAST_MATH = YES;
				ONLY_ACTIVE_ARCH = YES;
				SDKROOT = iphoneos;
				SWIFT_ACTIVE_COMPILATION_CONDITIONS = DEBUG;
				SWIFT_OPTIMIZATION_LEVEL = "-Onone";
			};
			name = Debug;
		};
		E2D8E4A3259A2DEA00FF1B4C /* Release */ = {
			isa = XCBuildConfiguration;
			buildSettings = {
				ALWAYS_SEARCH_USER_PATHS = NO;
				CLANG_ANALYZER_NONNULL = YES;
				CLANG_ANALYZER_NUMBER_OBJECT_CONVERSION = YES_AGGRESSIVE;
				CLANG_CXX_LANGUAGE_STANDARD = "gnu++14";
				CLANG_CXX_LIBRARY = "libc++";
				CLANG_ENABLE_MODULES = YES;
				CLANG_ENABLE_OBJC_ARC = YES;
				CLANG_ENABLE_OBJC_WEAK = YES;
				CLANG_WARN_BLOCK_CAPTURE_AUTORELEASING = YES;
				CLANG_WARN_BOOL_CONVERSION = YES;
				CLANG_WARN_COMMA = YES;
				CLANG_WARN_CONSTANT_CONVERSION = YES;
				CLANG_WARN_DEPRECATED_OBJC_IMPLEMENTATIONS = YES;
				CLANG_WARN_DIRECT_OBJC_ISA_USAGE = YES_ERROR;
				CLANG_WARN_DOCUMENTATION_COMMENTS = YES;
				CLANG_WARN_EMPTY_BODY = YES;
				CLANG_WARN_ENUM_CONVERSION = YES;
				CLANG_WARN_INFINITE_RECURSION = YES;
				CLANG_WARN_INT_CONVERSION = YES;
				CLANG_WARN_NON_LITERAL_NULL_CONVERSION = YES;
				CLANG_WARN_OBJC_IMPLICIT_RETAIN_SELF = YES;
				CLANG_WARN_OBJC_LITERAL_CONVERSION = YES;
				CLANG_WARN_OBJC_ROOT_CLASS = YES_ERROR;
				CLANG_WARN_QUOTED_INCLUDE_IN_FRAMEWORK_HEADER = YES;
				CLANG_WARN_RANGE_LOOP_ANALYSIS = YES;
				CLANG_WARN_STRICT_PROTOTYPES = YES;
				CLANG_WARN_SUSPICIOUS_MOVE = YES;
				CLANG_WARN_UNGUARDED_AVAILABILITY = YES_AGGRESSIVE;
				CLANG_WARN_UNREACHABLE_CODE = YES;
				CLANG_WARN__DUPLICATE_METHOD_MATCH = YES;
				COPY_PHASE_STRIP = NO;
				DEBUG_INFORMATION_FORMAT = "dwarf-with-dsym";
				ENABLE_NS_ASSERTIONS = NO;
				ENABLE_STRICT_OBJC_MSGSEND = YES;
				GCC_C_LANGUAGE_STANDARD = gnu11;
				GCC_NO_COMMON_BLOCKS = YES;
				GCC_WARN_64_TO_32_BIT_CONVERSION = YES;
				GCC_WARN_ABOUT_RETURN_TYPE = YES_ERROR;
				GCC_WARN_UNDECLARED_SELECTOR = YES;
				GCC_WARN_UNINITIALIZED_AUTOS = YES_AGGRESSIVE;
				GCC_WARN_UNUSED_FUNCTION = YES;
				GCC_WARN_UNUSED_VARIABLE = YES;
				IPHONEOS_DEPLOYMENT_TARGET = 14.3;
				MTL_ENABLE_DEBUG_INFO = NO;
				MTL_FAST_MATH = YES;
				SDKROOT = iphoneos;
				SWIFT_COMPILATION_MODE = wholemodule;
				SWIFT_OPTIMIZATION_LEVEL = "-O";
				VALIDATE_PRODUCT = YES;
			};
			name = Release;
		};
		E2D8E4A5259A2DEA00FF1B4C /* Debug */ = {
			isa = XCBuildConfiguration;
			buildSettings = {
				ASSETCATALOG_COMPILER_APPICON_NAME = AppIcon;
				ASSETCATALOG_COMPILER_GLOBAL_ACCENT_COLOR_NAME = AccentColor;
				CODE_SIGN_STYLE = Automatic;
				DEVELOPMENT_TEAM = 92867Z79G9;
				INFOPLIST_FILE = calculator/Info.plist;
				LD_RUNPATH_SEARCH_PATHS = (
					"$(inherited)",
					"@executable_path/Frameworks",
				);
				PRODUCT_BUNDLE_IDENTIFIER = com.erdemozkok.calculator;
				PRODUCT_NAME = "$(TARGET_NAME)";
				SWIFT_VERSION = 5.0;
				TARGETED_DEVICE_FAMILY = "1,2";
			};
			name = Debug;
		};
		E2D8E4A6259A2DEA00FF1B4C /* Release */ = {
			isa = XCBuildConfiguration;
			buildSettings = {
				ASSETCATALOG_COMPILER_APPICON_NAME = AppIcon;
				ASSETCATALOG_COMPILER_GLOBAL_ACCENT_COLOR_NAME = AccentColor;
				CODE_SIGN_STYLE = Automatic;
				DEVELOPMENT_TEAM = 92867Z79G9;
				INFOPLIST_FILE = calculator/Info.plist;
				LD_RUNPATH_SEARCH_PATHS = (
					"$(inherited)",
					"@executable_path/Frameworks",
				);
				PRODUCT_BUNDLE_IDENTIFIER = com.erdemozkok.calculator;
				PRODUCT_NAME = "$(TARGET_NAME)";
				SWIFT_VERSION = 5.0;
				TARGETED_DEVICE_FAMILY = "1,2";
			};
			name = Release;
		};
		E2D8E4A8259A2DEA00FF1B4C /* Debug */ = {
			isa = XCBuildConfiguration;
			buildSettings = {
				ALWAYS_EMBED_SWIFT_STANDARD_LIBRARIES = YES;
				BUNDLE_LOADER = "$(TEST_HOST)";
				CODE_SIGN_STYLE = Automatic;
				DEVELOPMENT_TEAM = 92867Z79G9;
				INFOPLIST_FILE = calculatorTests/Info.plist;
				IPHONEOS_DEPLOYMENT_TARGET = 14.3;
				LD_RUNPATH_SEARCH_PATHS = (
					"$(inherited)",
					"@executable_path/Frameworks",
					"@loader_path/Frameworks",
				);
				PRODUCT_BUNDLE_IDENTIFIER = com.erdemozkok.calculatorTests;
				PRODUCT_NAME = "$(TARGET_NAME)";
				SWIFT_VERSION = 5.0;
				TARGETED_DEVICE_FAMILY = "1,2";
				TEST_HOST = "$(BUILT_PRODUCTS_DIR)/calculator.app/calculator";
			};
			name = Debug;
		};
		E2D8E4A9259A2DEA00FF1B4C /* Release */ = {
			isa = XCBuildConfiguration;
			buildSettings = {
				ALWAYS_EMBED_SWIFT_STANDARD_LIBRARIES = YES;
				BUNDLE_LOADER = "$(TEST_HOST)";
				CODE_SIGN_STYLE = Automatic;
				DEVELOPMENT_TEAM = 92867Z79G9;
				INFOPLIST_FILE = calculatorTests/Info.plist;
				IPHONEOS_DEPLOYMENT_TARGET = 14.3;
				LD_RUNPATH_SEARCH_PATHS = (
					"$(inherited)",
					"@executable_path/Frameworks",
					"@loader_path/Frameworks",
				);
				PRODUCT_BUNDLE_IDENTIFIER = com.erdemozkok.calculatorTests;
				PRODUCT_NAME = "$(TARGET_NAME)";
				SWIFT_VERSION = 5.0;
				TARGETED_DEVICE_FAMILY = "1,2";
				TEST_HOST = "$(BUILT_PRODUCTS_DIR)/calculator.app/calculator";
			};
			name = Release;
		};
		E2D8E4AB259A2DEA00FF1B4C /* Debug */ = {
			isa = XCBuildConfiguration;
			buildSettings = {
				ALWAYS_EMBED_SWIFT_STANDARD_LIBRARIES = YES;
				CODE_SIGN_STYLE = Automatic;
				DEVELOPMENT_TEAM = 92867Z79G9;
				INFOPLIST_FILE = calculatorUITests/Info.plist;
				LD_RUNPATH_SEARCH_PATHS = (
					"$(inherited)",
					"@executable_path/Frameworks",
					"@loader_path/Frameworks",
				);
				PRODUCT_BUNDLE_IDENTIFIER = com.erdemozkok.calculatorUITests;
				PRODUCT_NAME = "$(TARGET_NAME)";
				SWIFT_VERSION = 5.0;
				TARGETED_DEVICE_FAMILY = "1,2";
				TEST_TARGET_NAME = calculator;
			};
			name = Debug;
		};
		E2D8E4AC259A2DEA00FF1B4C /* Release */ = {
			isa = XCBuildConfiguration;
			buildSettings = {
				ALWAYS_EMBED_SWIFT_STANDARD_LIBRARIES = YES;
				CODE_SIGN_STYLE = Automatic;
				DEVELOPMENT_TEAM = 92867Z79G9;
				INFOPLIST_FILE = calculatorUITests/Info.plist;
				LD_RUNPATH_SEARCH_PATHS = (
					"$(inherited)",
					"@executable_path/Frameworks",
					"@loader_path/Frameworks",
				);
				PRODUCT_BUNDLE_IDENTIFIER = com.erdemozkok.calculatorUITests;
				PRODUCT_NAME = "$(TARGET_NAME)";
				SWIFT_VERSION = 5.0;
				TARGETED_DEVICE_FAMILY = "1,2";
				TEST_TARGET_NAME = calculator;
			};
			name = Release;
		};
/* End XCBuildConfiguration section */

/* Begin XCConfigurationList section */
		E2D8E475259A2DE600FF1B4C /* Build configuration list for PBXProject "calculator" */ = {
			isa = XCConfigurationList;
			buildConfigurations = (
				E2D8E4A2259A2DEA00FF1B4C /* Debug */,
				E2D8E4A3259A2DEA00FF1B4C /* Release */,
			);
			defaultConfigurationIsVisible = 0;
			defaultConfigurationName = Release;
		};
		E2D8E4A4259A2DEA00FF1B4C /* Build configuration list for PBXNativeTarget "calculator" */ = {
			isa = XCConfigurationList;
			buildConfigurations = (
				E2D8E4A5259A2DEA00FF1B4C /* Debug */,
				E2D8E4A6259A2DEA00FF1B4C /* Release */,
			);
			defaultConfigurationIsVisible = 0;
			defaultConfigurationName = Release;
		};
		E2D8E4A7259A2DEA00FF1B4C /* Build configuration list for PBXNativeTarget "calculatorTests" */ = {
			isa = XCConfigurationList;
			buildConfigurations = (
				E2D8E4A8259A2DEA00FF1B4C /* Debug */,
				E2D8E4A9259A2DEA00FF1B4C /* Release */,
			);
			defaultConfigurationIsVisible = 0;
			defaultConfigurationName = Release;
		};
		E2D8E4AA259A2DEA00FF1B4C /* Build configuration list for PBXNativeTarget "calculatorUITests" */ = {
			isa = XCConfigurationList;
			buildConfigurations = (
				E2D8E4AB259A2DEA00FF1B4C /* Debug */,
				E2D8E4AC259A2DEA00FF1B4C /* Release */,
			);
			defaultConfigurationIsVisible = 0;
			defaultConfigurationName = Release;
		};
/* End XCConfigurationList section */
	};
	rootObject = E2D8E472259A2DE600FF1B4C /* Project object */;
}
